{
  "object": {
    "pins": [
      {
        "package": "LNSSwiftUIExtras",
        "repositoryURL": "https://github.com/alldritt/LNSSwiftUIExtras.git",
        "state": {
          "branch": "main",
          "revision": "e0f2f067acc98df1d0b47616e2d3585214725039",
          "version": null
        }
      }
    ]
  },
  "version": 1
}
